
Microsoft Visual Studio Solution File, Format Version 12.00
# Visual Studio Version 17
VisualStudioVersion = 17.9.34616.47
MinimumVisualStudioVersion = 10.0.40219.1
Project("{8BC9CEB8-8B4A-11D0-8D11-00A0C91BC942}") = "Prak7mei_cth1", "Prak7mei_cth1\Prak7mei_cth1.vcxproj", "{8D2AAE35-3AEB-49A9-AA08-50CA77A0EE93}"
EndProject
Project("{8BC9CEB8-8B4A-11D0-8D11-00A0C91BC942}") = "Contoh 2", "Contoh 2\Contoh 2.vcxproj", "{D41F223C-2E2F-4F0B-867D-23CDD88CC721}"
EndProject
Project("{8BC9CEB8-8B4A-11D0-8D11-00A0C91BC942}") = "contoh ke3", "contoh ke3\contoh ke3.vcxproj", "{33BE95A6-708C-4DBB-9781-E85F35C8BCD8}"
EndProject
Global
	GlobalSection(SolutionConfigurationPlatforms) = preSolution
		Debug|x64 = Debug|x64
		Debug|x86 = Debug|x86
		Release|x64 = Release|x64
		Release|x86 = Release|x86
	EndGlobalSection
	GlobalSection(ProjectConfigurationPlatforms) = postSolution
		{8D2AAE35-3AEB-49A9-AA08-50CA77A0EE93}.Debug|x64.ActiveCfg = Debug|x64
		{8D2AAE35-3AEB-49A9-AA08-50CA77A0EE93}.Debug|x64.Build.0 = Debug|x64
		{8D2AAE35-3AEB-49A9-AA08-50CA77A0EE93}.Debug|x86.ActiveCfg = Debug|Win32
		{8D2AAE35-3AEB-49A9-AA08-50CA77A0EE93}.Debug|x86.Build.0 = Debug|Win32
		{8D2AAE35-3AEB-49A9-AA08-50CA77A0EE93}.Release|x64.ActiveCfg = Release|x64
		{8D2AAE35-3AEB-49A9-AA08-50CA77A0EE93}.Release|x64.Build.0 = Release|x64
		{8D2AAE35-3AEB-49A9-AA08-50CA77A0EE93}.Release|x86.ActiveCfg = Release|Win32
		{8D2AAE35-3AEB-49A9-AA08-50CA77A0EE93}.Release|x86.Build.0 = Release|Win32
		{D41F223C-2E2F-4F0B-867D-23CDD88CC721}.Debug|x64.ActiveCfg = Debug|x64
		{D41F223C-2E2F-4F0B-867D-23CDD88CC721}.Debug|x64.Build.0 = Debug|x64
		{D41F223C-2E2F-4F0B-867D-23CDD88CC721}.Debug|x86.ActiveCfg = Debug|Win32
		{D41F223C-2E2F-4F0B-867D-23CDD88CC721}.Debug|x86.Build.0 = Debug|Win32
		{D41F223C-2E2F-4F0B-867D-23CDD88CC721}.Release|x64.ActiveCfg = Release|x64
		{D41F223C-2E2F-4F0B-867D-23CDD88CC721}.Release|x64.Build.0 = Release|x64
		{D41F223C-2E2F-4F0B-867D-23CDD88CC721}.Release|x86.ActiveCfg = Release|Win32
		{D41F223C-2E2F-4F0B-867D-23CDD88CC721}.Release|x86.Build.0 = Release|Win32
		{33BE95A6-708C-4DBB-9781-E85F35C8BCD8}.Debug|x64.ActiveCfg = Debug|x64
		{33BE95A6-708C-4DBB-9781-E85F35C8BCD8}.Debug|x64.Build.0 = Debug|x64
		{33BE95A6-708C-4DBB-9781-E85F35C8BCD8}.Debug|x86.ActiveCfg = Debug|Win32
		{33BE95A6-708C-4DBB-9781-E85F35C8BCD8}.Debug|x86.Build.0 = Debug|Win32
		{33BE95A6-708C-4DBB-9781-E85F35C8BCD8}.Release|x64.ActiveCfg = Release|x64
		{33BE95A6-708C-4DBB-9781-E85F35C8BCD8}.Release|x64.Build.0 = Release|x64
		{33BE95A6-708C-4DBB-9781-E85F35C8BCD8}.Release|x86.ActiveCfg = Release|Win32
		{33BE95A6-708C-4DBB-9781-E85F35C8BCD8}.Release|x86.Build.0 = Release|Win32
	EndGlobalSection
	GlobalSection(SolutionProperties) = preSolution
		HideSolutionNode = FALSE
	EndGlobalSection
	GlobalSection(ExtensibilityGlobals) = postSolution
		SolutionGuid = {9E22A523-37EA-4395-803A-8D1474CFEF92}
	EndGlobalSection
EndGlobal
